<Solution>
  <Project Path="Unity.RenderPipelines.GPUDriven.Runtime.csproj" />
  <Project Path="Unity.ShaderGraph.Editor.csproj" />
  <Project Path="Unity.Physics.csproj" />
  <Project Path="Unity.RenderPipelines.Core.Runtime.csproj" />
  <Project Path="Interactions.csproj" />
  <Project Path="Unity.RenderPipelines.Core.Editor.csproj" />
  <Project Path="Unity.Collections.csproj" />
  <Project Path="Unity.RenderPipelines.Universal.2D.Runtime.csproj" />
  <Project Path="UnityEngine.UI.csproj" />
  <Project Path="Unity.Entities.UI.Editor.csproj" />
  <Project Path="Unity.RenderPipelines.Universal.Editor.csproj" />
  <Project Path="UnityEngine.TestRunner.csproj" />
  <Project Path="Unity.Entities.csproj" />
  <Project Path="Unity.Scenes.csproj" />
  <Project Path="Unity.Entities.Editor.csproj" />
  <Project Path="Unity.InternalAPIEngineBridge.002.csproj" />
  <Project Path="UnityEditor.TestRunner.csproj" />
  <Project Path="Unity.RenderPipelines.Universal.Runtime.csproj" />
  <Project Path="Unity.UnifiedRayTracing.Runtime.csproj" />
  <Project Path="Unity.Physics.Hybrid.csproj" />
  <Project Path="Unity.Entities.Hybrid.csproj" />
  <Project Path="Unity.PerformanceTesting.csproj" />
  <Project Path="Unity.Scenes.Editor.csproj" />
  <Project Path="Unity.TextMeshPro.csproj" />
  <Project Path="Unity.TextMeshPro.Editor.csproj" />
  <Project Path="Unity.Numerics.Linear.Dense.csproj" />
  <Project Path="Unity.Serialization.csproj" />
  <Project Path="Unity.InternalAPIEditorBridge.002.csproj" />
  <Project Path="Unity.Entities.CodeGen.csproj" />
  <Project Path="UnityEditor.UI.csproj" />
  <Project Path="Unity.RenderPipelines.Universal.2D.Editor.Overrides.csproj" />
  <Project Path="Unity.Entities.Editor.Properties.csproj" />
  <Project Path="Interactions.Editor.csproj" />
  <Project Path="Unity.2D.Sprite.Editor.csproj" />
  <Project Path="Unity.Physics.Editor.csproj" />
  <Project Path="Unity.Numerics.Linear.Solvers.Lowlevel.csproj" />
  <Project Path="Unity.RenderPipelines.Core.Runtime.Shared.csproj" />
  <Project Path="VU.Powerwall.csproj" />
  <Project Path="PassDetection.Common.csproj" />
  <Project Path="Unity.RenderPipelines.Core.Editor.Shared.csproj" />
  <Project Path="Assembly-CSharp-Editor.csproj" />
  <Project Path="Unity.Collections.CodeGen.csproj" />
  <Project Path="Unity.Entities.Hybrid.HybridComponents.csproj" />
  <Project Path="UnityEditor.UI.Analytics.csproj" />
  <Project Path="Unity.PathTracing.Runtime.csproj" />
  <Project Path="Unity.Entities.UI.csproj" />
  <Project Path="Unity.PathTracing.Editor.csproj" />
  <Project Path="Unity.Transforms.csproj" />
  <Project Path="Unity.Entities.Build.csproj" />
  <Project Path="Unity.ShaderGraph.Utilities.csproj" />
  <Project Path="Unity.Numerics.Memory.csproj" />
  <Project Path="Unity.SurfaceCache.Runtime.csproj" />
  <Project Path="Unity.InternalAPIEngineBridge.RenderPipelines.Core.Runtime.Shared.csproj" />
  <Project Path="Tactive.MachineLearning.Editor.csproj" />
  <Project Path="PassDetection.Validation.csproj" />
  <Project Path="Unity.RenderPipeline.Universal.ShaderLibrary.csproj" />
  <Project Path="Unity.Numerics.Random.csproj" />
  <Project Path="Replay.csproj" />
  <Project Path="Unity.Core.Editor.csproj" />
  <Project Path="Unity.Mathematics.Extensions.csproj" />
  <Project Path="Unity.Numerics.Linear.Sparse.csproj" />
  <Project Path="PassDetection.Live.csproj" />
  <Project Path="Interactions.Config.csproj" />
  <Project Path="Unity.Transforms.Hybrid.csproj" />
  <Project Path="Unity.InternalAPIEngineBridge.RenderPipelines.Core.Editor.csproj" />
  <Project Path="PassDetection.Replay.csproj" />
  <Project Path="Unity.InternalAPIEngineBridge.004.csproj" />
  <Project Path="Unity.Serialization.Editor.csproj" />
  <Project Path="Assembly-CSharp.csproj" />
  <Project Path="Tactive.MachineLearning.csproj" />
  <Project Path="Unity.RenderPipelines.Universal.Shaders.csproj" />
  <Project Path="Unity.InternalAPIEditorBridge.ShaderGraph.Editor.csproj" />
  <Project Path="Unity.Deformations.csproj" />
  <Project Path="Unity.Mathematics.Extensions.Hybrid.csproj" />
  <Project Path="Unity.Physics.Editor.ProjectSettingsBridge.csproj" />
  <Project Path="Unity.Rendering.LightTransport.Editor.csproj" />
  <Project Path="Unity.Collections.Editor.csproj" />
  <Project Path="Unity.Mathematics.csproj" />
  <Project Path="Unity.Numerics.Linear.csproj" />
  <Project Path="Unity.RenderPipelines.Universal.Config.Runtime.csproj" />
  <Project Path="Unity.RenderPipelines.ShaderGraph.ShaderGraphLibrary.csproj" />
  <Project Path="Unity.RenderPipelines.Core.ShaderLibrary.csproj" />
</Solution>
